// !$*UTF8*$!
{
	archiveVersion = 1;
	classes = {
	};
	objectVersion = 46;
	objects = {

/* Begin PBXBuildFile section */
		5C05F8181F4B150100F672E8 /* UIColor+UIStyleModule1.m in Sources */ = {isa = PBXBuildFile; fileRef = 5C05F8171F4B150100F672E8 /* UIColor+UIStyleModule1.m */; };
		5C05F81A1F4B160800F672E8 /* Module1Style.plist in Resources */ = {isa = PBXBuildFile; fileRef = 5C05F8191F4B160800F672E8 /* Module1Style.plist */; };
		5C05F81E1F4B16D500F672E8 /* ArtModule1ViewController.m in Sources */ = {isa = PBXBuildFile; fileRef = 5C05F81D1F4B16D500F672E8 /* ArtModule1ViewController.m */; };
		5C05F8201F4B1CD300F672E8 /* Module1Style1.plist in Resources */ = {isa = PBXBuildFile; fileRef = 5C05F81F1F4B1CD300F672E8 /* Module1Style1.plist */; };
		5C8ECB1C1F4ACE7A00985FB1 /* main.m in Sources */ = {isa = PBXBuildFile; fileRef = 5C8ECB1B1F4ACE7A00985FB1 /* main.m */; };
		5C8ECB1F1F4ACE7A00985FB1 /* AppDelegate.m in Sources */ = {isa = PBXBuildFile; fileRef = 5C8ECB1E1F4ACE7A00985FB1 /* AppDelegate.m */; };
		5C8ECB221F4ACE7A00985FB1 /* ViewController.m in Sources */ = {isa = PBXBuildFile; fileRef = 5C8ECB211F4ACE7A00985FB1 /* ViewController.m */; };
		5C8ECB251F4ACE7A00985FB1 /* Main.storyboard in Resources */ = {isa = PBXBuildFile; fileRef = 5C8ECB231F4ACE7A00985FB1 /* Main.storyboard */; };
		5C8ECB271F4ACE7A00985FB1 /* Assets.xcassets in Resources */ = {isa = PBXBuildFile; fileRef = 5C8ECB261F4ACE7A00985FB1 /* Assets.xcassets */; };
		5C8ECB2A1F4ACE7A00985FB1 /* LaunchScreen.storyboard in Resources */ = {isa = PBXBuildFile; fileRef = 5C8ECB281F4ACE7A00985FB1 /* LaunchScreen.storyboard */; };
		5C8ECB351F4ACE7A00985FB1 /* ChangeTheme_OCTests.m in Sources */ = {isa = PBXBuildFile; fileRef = 5C8ECB341F4ACE7A00985FB1 /* ChangeTheme_OCTests.m */; };
		5C8ECB401F4ACE7A00985FB1 /* ChangeTheme_OCUITests.m in Sources */ = {isa = PBXBuildFile; fileRef = 5C8ECB3F1F4ACE7A00985FB1 /* ChangeTheme_OCUITests.m */; };
		5C8ECB511F4AD25200985FB1 /* ArtUIStyle.m in Sources */ = {isa = PBXBuildFile; fileRef = 5C8ECB501F4AD25200985FB1 /* ArtUIStyle.m */; };
		5C8ECB541F4AD30300985FB1 /* UIColor+HexColor.m in Sources */ = {isa = PBXBuildFile; fileRef = 5C8ECB531F4AD30300985FB1 /* UIColor+HexColor.m */; };
/* End PBXBuildFile section */

/* Begin PBXContainerItemProxy section */
		5C8ECB311F4ACE7A00985FB1 /* PBXContainerItemProxy */ = {
			isa = PBXContainerItemProxy;
			containerPortal = 5C8ECB0F1F4ACE7A00985FB1 /* Project object */;
			proxyType = 1;
			remoteGlobalIDString = 5C8ECB161F4ACE7A00985FB1;
			remoteInfo = ChangeTheme_OC;
		};
		5C8ECB3C1F4ACE7A00985FB1 /* PBXContainerItemProxy */ = {
			isa = PBXContainerItemProxy;
			containerPortal = 5C8ECB0F1F4ACE7A00985FB1 /* Project object */;
			proxyType = 1;
			remoteGlobalIDString = 5C8ECB161F4ACE7A00985FB1;
			remoteInfo = ChangeTheme_OC;
		};
/* End PBXContainerItemProxy section */

/* Begin PBXFileReference section */
		5C05F8161F4B150100F672E8 /* UIColor+UIStyleModule1.h */ = {isa = PBXFileReference; fileEncoding = 4; lastKnownFileType = sourcecode.c.h; path = "UIColor+UIStyleModule1.h"; sourceTree = "<group>"; };
		5C05F8171F4B150100F672E8 /* UIColor+UIStyleModule1.m */ = {isa = PBXFileReference; fileEncoding = 4; lastKnownFileType = sourcecode.c.objc; path = "UIColor+UIStyleModule1.m"; sourceTree = "<group>"; };
		5C05F8191F4B160800F672E8 /* Module1Style.plist */ = {isa = PBXFileReference; fileEncoding = 4; lastKnownFileType = text.plist.xml; path = Module1Style.plist; sourceTree = "<group>"; };
		5C05F81C1F4B16D500F672E8 /* ArtModule1ViewController.h */ = {isa = PBXFileReference; fileEncoding = 4; lastKnownFileType = sourcecode.c.h; path = ArtModule1ViewController.h; sourceTree = "<group>"; };
		5C05F81D1F4B16D500F672E8 /* ArtModule1ViewController.m */ = {isa = PBXFileReference; fileEncoding = 4; lastKnownFileType = sourcecode.c.objc; path = ArtModule1ViewController.m; sourceTree = "<group>"; };
		5C05F81F1F4B1CD300F672E8 /* Module1Style1.plist */ = {isa = PBXFileReference; fileEncoding = 4; lastKnownFileType = text.plist.xml; path = Module1Style1.plist; sourceTree = "<group>"; };
		5C8ECB171F4ACE7A00985FB1 /* ChangeTheme_OC.app */ = {isa = PBXFileReference; explicitFileType = wrapper.application; includeInIndex = 0; path = ChangeTheme_OC.app; sourceTree = BUILT_PRODUCTS_DIR; };
		5C8ECB1B1F4ACE7A00985FB1 /* main.m */ = {isa = PBXFileReference; lastKnownFileType = sourcecode.c.objc; path = main.m; sourceTree = "<group>"; };
		5C8ECB1D1F4ACE7A00985FB1 /* AppDelegate.h */ = {isa = PBXFileReference; lastKnownFileType = sourcecode.c.h; path = AppDelegate.h; sourceTree = "<group>"; };
		5C8ECB1E1F4ACE7A00985FB1 /* AppDelegate.m */ = {isa = PBXFileReference; lastKnownFileType = sourcecode.c.objc; path = AppDelegate.m; sourceTree = "<group>"; };
		5C8ECB201F4ACE7A00985FB1 /* ViewController.h */ = {isa = PBXFileReference; lastKnownFileType = sourcecode.c.h; path = ViewController.h; sourceTree = "<group>"; };
		5C8ECB211F4ACE7A00985FB1 /* ViewController.m */ = {isa = PBXFileReference; lastKnownFileType = sourcecode.c.objc; path = ViewController.m; sourceTree = "<group>"; };
		5C8ECB241F4ACE7A00985FB1 /* Base */ = {isa = PBXFileReference; lastKnownFileType = file.storyboard; name = Base; path = Base.lproj/Main.storyboard; sourceTree = "<group>"; };
		5C8ECB261F4ACE7A00985FB1 /* Assets.xcassets */ = {isa = PBXFileReference; lastKnownFileType = folder.assetcatalog; path = Assets.xcassets; sourceTree = "<group>"; };
		5C8ECB291F4ACE7A00985FB1 /* Base */ = {isa = PBXFileReference; lastKnownFileType = file.storyboard; name = Base; path = Base.lproj/LaunchScreen.storyboard; sourceTree = "<group>"; };
		5C8ECB2B1F4ACE7A00985FB1 /* Info.plist */ = {isa = PBXFileReference; lastKnownFileType = text.plist.xml; path = Info.plist; sourceTree = "<group>"; };
		5C8ECB301F4ACE7A00985FB1 /* ChangeTheme_OCTests.xctest */ = {isa = PBXFileReference; explicitFileType = wrapper.cfbundle; includeInIndex = 0; path = ChangeTheme_OCTests.xctest; sourceTree = BUILT_PRODUCTS_DIR; };
		5C8ECB341F4ACE7A00985FB1 /* ChangeTheme_OCTests.m */ = {isa = PBXFileReference; lastKnownFileType = sourcecode.c.objc; path = ChangeTheme_OCTests.m; sourceTree = "<group>"; };
		5C8ECB361F4ACE7A00985FB1 /* Info.plist */ = {isa = PBXFileReference; lastKnownFileType = text.plist.xml; path = Info.plist; sourceTree = "<group>"; };
		5C8ECB3B1F4ACE7A00985FB1 /* ChangeTheme_OCUITests.xctest */ = {isa = PBXFileReference; explicitFileType = wrapper.cfbundle; includeInIndex = 0; path = ChangeTheme_OCUITests.xctest; sourceTree = BUILT_PRODUCTS_DIR; };
		5C8ECB3F1F4ACE7A00985FB1 /* ChangeTheme_OCUITests.m */ = {isa = PBXFileReference; lastKnownFileType = sourcecode.c.objc; path = ChangeTheme_OCUITests.m; sourceTree = "<group>"; };
		5C8ECB411F4ACE7A00985FB1 /* Info.plist */ = {isa = PBXFileReference; lastKnownFileType = text.plist.xml; path = Info.plist; sourceTree = "<group>"; };
		5C8ECB4F1F4AD25200985FB1 /* ArtUIStyle.h */ = {isa = PBXFileReference; fileEncoding = 4; lastKnownFileType = sourcecode.c.h; path = ArtUIStyle.h; sourceTree = "<group>"; };
		5C8ECB501F4AD25200985FB1 /* ArtUIStyle.m */ = {isa = PBXFileReference; fileEncoding = 4; lastKnownFileType = sourcecode.c.objc; path = ArtUIStyle.m; sourceTree = "<group>"; };
		5C8ECB521F4AD30300985FB1 /* UIColor+HexColor.h */ = {isa = PBXFileReference; fileEncoding = 4; lastKnownFileType = sourcecode.c.h; path = "UIColor+HexColor.h"; sourceTree = "<group>"; };
		5C8ECB531F4AD30300985FB1 /* UIColor+HexColor.m */ = {isa = PBXFileReference; fileEncoding = 4; lastKnownFileType = sourcecode.c.objc; path = "UIColor+HexColor.m"; sourceTree = "<group>"; };
/* End PBXFileReference section */

/* Begin PBXFrameworksBuildPhase section */
		5C8ECB141F4ACE7A00985FB1 /* Frameworks */ = {
			isa = PBXFrameworksBuildPhase;
			buildActionMask = 2147483647;
			files = (
			);
			runOnlyForDeploymentPostprocessing = 0;
		};
		5C8ECB2D1F4ACE7A00985FB1 /* Frameworks */ = {
			isa = PBXFrameworksBuildPhase;
			buildActionMask = 2147483647;
			files = (
			);
			runOnlyForDeploymentPostprocessing = 0;
		};
		5C8ECB381F4ACE7A00985FB1 /* Frameworks */ = {
			isa = PBXFrameworksBuildPhase;
			buildActionMask = 2147483647;
			files = (
			);
			runOnlyForDeploymentPostprocessing = 0;
		};
/* End PBXFrameworksBuildPhase section */

/* Begin PBXGroup section */
		5C05F80E1F4B13F400F672E8 /* App */ = {
			isa = PBXGroup;
			children = (
				5C05F80F1F4B13F400F672E8 /* Module1 */,
				5C05F8101F4B13F400F672E8 /* Module2 */,
			);
			path = App;
			sourceTree = "<group>";
		};
		5C05F80F1F4B13F400F672E8 /* Module1 */ = {
			isa = PBXGroup;
			children = (
				5C05F8111F4B140B00F672E8 /* UIStyle */,
				5C05F81B1F4B16B600F672E8 /* UI */,
			);
			path = Module1;
			sourceTree = "<group>";
		};
		5C05F8101F4B13F400F672E8 /* Module2 */ = {
			isa = PBXGroup;
			children = (
				5C05F8121F4B141A00F672E8 /* UIStyle */,
			);
			path = Module2;
			sourceTree = "<group>";
		};
		5C05F8111F4B140B00F672E8 /* UIStyle */ = {
			isa = PBXGroup;
			children = (
				5C05F81F1F4B1CD300F672E8 /* Module1Style1.plist */,
				5C05F8191F4B160800F672E8 /* Module1Style.plist */,
				5C05F8161F4B150100F672E8 /* UIColor+UIStyleModule1.h */,
				5C05F8171F4B150100F672E8 /* UIColor+UIStyleModule1.m */,
			);
			path = UIStyle;
			sourceTree = "<group>";
		};
		5C05F8121F4B141A00F672E8 /* UIStyle */ = {
			isa = PBXGroup;
			children = (
			);
			path = UIStyle;
			sourceTree = "<group>";
		};
		5C05F81B1F4B16B600F672E8 /* UI */ = {
			isa = PBXGroup;
			children = (
				5C05F81C1F4B16D500F672E8 /* ArtModule1ViewController.h */,
				5C05F81D1F4B16D500F672E8 /* ArtModule1ViewController.m */,
			);
			path = UI;
			sourceTree = "<group>";
		};
		5C8ECB0E1F4ACE7A00985FB1 = {
			isa = PBXGroup;
			children = (
				5C8ECB191F4ACE7A00985FB1 /* ChangeTheme_OC */,
				5C8ECB331F4ACE7A00985FB1 /* ChangeTheme_OCTests */,
				5C8ECB3E1F4ACE7A00985FB1 /* ChangeTheme_OCUITests */,
				5C8ECB181F4ACE7A00985FB1 /* Products */,
			);
			sourceTree = "<group>";
		};
		5C8ECB181F4ACE7A00985FB1 /* Products */ = {
			isa = PBXGroup;
			children = (
				5C8ECB171F4ACE7A00985FB1 /* ChangeTheme_OC.app */,
				5C8ECB301F4ACE7A00985FB1 /* ChangeTheme_OCTests.xctest */,
				5C8ECB3B1F4ACE7A00985FB1 /* ChangeTheme_OCUITests.xctest */,
			);
			name = Products;
			sourceTree = "<group>";
		};
		5C8ECB191F4ACE7A00985FB1 /* ChangeTheme_OC */ = {
			isa = PBXGroup;
			children = (
				5C8ECB4E1F4AD21700985FB1 /* UIStyle */,
				5C05F80E1F4B13F400F672E8 /* App */,
				5C8ECB1D1F4ACE7A00985FB1 /* AppDelegate.h */,
				5C8ECB1E1F4ACE7A00985FB1 /* AppDelegate.m */,
				5C8ECB201F4ACE7A00985FB1 /* ViewController.h */,
				5C8ECB211F4ACE7A00985FB1 /* ViewController.m */,
				5C8ECB231F4ACE7A00985FB1 /* Main.storyboard */,
				5C8ECB261F4ACE7A00985FB1 /* Assets.xcassets */,
				5C8ECB281F4ACE7A00985FB1 /* LaunchScreen.storyboard */,
				5C8ECB2B1F4ACE7A00985FB1 /* Info.plist */,
				5C8ECB1A1F4ACE7A00985FB1 /* Supporting Files */,
			);
			path = ChangeTheme_OC;
			sourceTree = "<group>";
		};
		5C8ECB1A1F4ACE7A00985FB1 /* Supporting Files */ = {
			isa = PBXGroup;
			children = (
				5C8ECB1B1F4ACE7A00985FB1 /* main.m */,
			);
			name = "Supporting Files";
			sourceTree = "<group>";
		};
		5C8ECB331F4ACE7A00985FB1 /* ChangeTheme_OCTests */ = {
			isa = PBXGroup;
			children = (
				5C8ECB341F4ACE7A00985FB1 /* ChangeTheme_OCTests.m */,
				5C8ECB361F4ACE7A00985FB1 /* Info.plist */,
			);
			path = ChangeTheme_OCTests;
			sourceTree = "<group>";
		};
		5C8ECB3E1F4ACE7A00985FB1 /* ChangeTheme_OCUITests */ = {
			isa = PBXGroup;
			children = (
				5C8ECB3F1F4ACE7A00985FB1 /* ChangeTheme_OCUITests.m */,
				5C8ECB411F4ACE7A00985FB1 /* Info.plist */,
			);
			path = ChangeTheme_OCUITests;
			sourceTree = "<group>";
		};
		5C8ECB4E1F4AD21700985FB1 /* UIStyle */ = {
			isa = PBXGroup;
			children = (
				5C8ECB521F4AD30300985FB1 /* UIColor+HexColor.h */,
				5C8ECB531F4AD30300985FB1 /* UIColor+HexColor.m */,
				5C8ECB4F1F4AD25200985FB1 /* ArtUIStyle.h */,
				5C8ECB501F4AD25200985FB1 /* ArtUIStyle.m */,
			);
			path = UIStyle;
			sourceTree = "<group>";
		};
/* End PBXGroup section */

/* Begin PBXNativeTarget section */
		5C8ECB161F4ACE7A00985FB1 /* ChangeTheme_OC */ = {
			isa = PBXNativeTarget;
			buildConfigurationList = 5C8ECB441F4ACE7A00985FB1 /* Build configuration list for PBXNativeTarget "ChangeTheme_OC" */;
			buildPhases = (
				5C8ECB131F4ACE7A00985FB1 /* Sources */,
				5C8ECB141F4ACE7A00985FB1 /* Frameworks */,
				5C8ECB151F4ACE7A00985FB1 /* Resources */,
			);
			buildRules = (
			);
			dependencies = (
			);
			name = ChangeTheme_OC;
			productName = ChangeTheme_OC;
			productReference = 5C8ECB171F4ACE7A00985FB1 /* ChangeTheme_OC.app */;
			productType = "com.apple.product-type.application";
		};
		5C8ECB2F1F4ACE7A00985FB1 /* ChangeTheme_OCTests */ = {
			isa = PBXNativeTarget;
			buildConfigurationList = 5C8ECB471F4ACE7A00985FB1 /* Build configuration list for PBXNativeTarget "ChangeTheme_OCTests" */;
			buildPhases = (
				5C8ECB2C1F4ACE7A00985FB1 /* Sources */,
				5C8ECB2D1F4ACE7A00985FB1 /* Frameworks */,
				5C8ECB2E1F4ACE7A00985FB1 /* Resources */,
			);
			buildRules = (
			);
			dependencies = (
				5C8ECB321F4ACE7A00985FB1 /* PBXTargetDependency */,
			);
			name = ChangeTheme_OCTests;
			productName = ChangeTheme_OCTests;
			productReference = 5C8ECB301F4ACE7A00985FB1 /* ChangeTheme_OCTests.xctest */;
			productType = "com.apple.product-type.bundle.unit-test";
		};
		5C8ECB3A1F4ACE7A00985FB1 /* ChangeTheme_OCUITests */ = {
			isa = PBXNativeTarget;
			buildConfigurationList = 5C8ECB4A1F4ACE7A00985FB1 /* Build configuration list for PBXNativeTarget "ChangeTheme_OCUITests" */;
			buildPhases = (
				5C8ECB371F4ACE7A00985FB1 /* Sources */,
				5C8ECB381F4ACE7A00985FB1 /* Frameworks */,
				5C8ECB391F4ACE7A00985FB1 /* Resources */,
			);
			buildRules = (
			);
			dependencies = (
				5C8ECB3D1F4ACE7A00985FB1 /* PBXTargetDependency */,
			);
			name = ChangeTheme_OCUITests;
			productName = ChangeTheme_OCUITests;
			productReference = 5C8ECB3B1F4ACE7A00985FB1 /* ChangeTheme_OCUITests.xctest */;
			productType = "com.apple.product-type.bundle.ui-testing";
		};
/* End PBXNativeTarget section */

/* Begin PBXProject section */
		5C8ECB0F1F4ACE7A00985FB1 /* Project object */ = {
			isa = PBXProject;
			attributes = {
				LastUpgradeCheck = 0830;
				ORGANIZATIONNAME = weijingyun;
				TargetAttributes = {
					5C8ECB161F4ACE7A00985FB1 = {
						CreatedOnToolsVersion = 8.3.2;
						DevelopmentTeam = XWNPFKK4U5;
						ProvisioningStyle = Automatic;
					};
					5C8ECB2F1F4ACE7A00985FB1 = {
						CreatedOnToolsVersion = 8.3.2;
						DevelopmentTeam = XWNPFKK4U5;
						ProvisioningStyle = Automatic;
						TestTargetID = 5C8ECB161F4ACE7A00985FB1;
					};
					5C8ECB3A1F4ACE7A00985FB1 = {
						CreatedOnToolsVersion = 8.3.2;
						DevelopmentTeam = XWNPFKK4U5;
						ProvisioningStyle = Automatic;
						TestTargetID = 5C8ECB161F4ACE7A00985FB1;
					};
				};
			};
			buildConfigurationList = 5C8ECB121F4ACE7A00985FB1 /* Build configuration list for PBXProject "ChangeTheme_OC" */;
			compatibilityVersion = "Xcode 3.2";
			developmentRegion = English;
			hasScannedForEncodings = 0;
			knownRegions = (
				en,
				Base,
			);
			mainGroup = 5C8ECB0E1F4ACE7A00985FB1;
			productRefGroup = 5C8ECB181F4ACE7A00985FB1 /* Products */;
			projectDirPath = "";
			projectRoot = "";
			targets = (
				5C8ECB161F4ACE7A00985FB1 /* ChangeTheme_OC */,
				5C8ECB2F1F4ACE7A00985FB1 /* ChangeTheme_OCTests */,
				5C8ECB3A1F4ACE7A00985FB1 /* ChangeTheme_OCUITests */,
			);
		};
/* End PBXProject section */

/* Begin PBXResourcesBuildPhase section */
		5C8ECB151F4ACE7A00985FB1 /* Resources */ = {
			isa = PBXResourcesBuildPhase;
			buildActionMask = 2147483647;
			files = (
				5C05F81A1F4B160800F672E8 /* Module1Style.plist in Resources */,
				5C8ECB2A1F4ACE7A00985FB1 /* LaunchScreen.storyboard in Resources */,
				5C05F8201F4B1CD300F672E8 /* Module1Style1.plist in Resources */,
				5C8ECB271F4ACE7A00985FB1 /* Assets.xcassets in Resources */,
				5C8ECB251F4ACE7A00985FB1 /* Main.storyboard in Resources */,
			);
			runOnlyForDeploymentPostprocessing = 0;
		};
		5C8ECB2E1F4ACE7A00985FB1 /* Resources */ = {
			isa = PBXResourcesBuildPhase;
			buildActionMask = 2147483647;
			files = (
			);
			runOnlyForDeploymentPostprocessing = 0;
		};
		5C8ECB391F4ACE7A00985FB1 /* Resources */ = {
			isa = PBXResourcesBuildPhase;
			buildActionMask = 2147483647;
			files = (
			);
			runOnlyForDeploymentPostprocessing = 0;
		};
/* End PBXResourcesBuildPhase section */

/* Begin PBXSourcesBuildPhase section */
		5C8ECB131F4ACE7A00985FB1 /* Sources */ = {
			isa = PBXSourcesBuildPhase;
			buildActionMask = 2147483647;
			files = (
				5C8ECB221F4ACE7A00985FB1 /* ViewController.m in Sources */,
				5C05F8181F4B150100F672E8 /* UIColor+UIStyleModule1.m in Sources */,
				5C8ECB511F4AD25200985FB1 /* ArtUIStyle.m in Sources */,
				5C8ECB541F4AD30300985FB1 /* UIColor+HexColor.m in Sources */,
				5C8ECB1F1F4ACE7A00985FB1 /* AppDelegate.m in Sources */,
				5C05F81E1F4B16D500F672E8 /* ArtModule1ViewController.m in Sources */,
				5C8ECB1C1F4ACE7A00985FB1 /* main.m in Sources */,
			);
			runOnlyForDeploymentPostprocessing = 0;
		};
		5C8ECB2C1F4ACE7A00985FB1 /* Sources */ = {
			isa = PBXSourcesBuildPhase;
			buildActionMask = 2147483647;
			files = (
				5C8ECB351F4ACE7A00985FB1 /* ChangeTheme_OCTests.m in Sources */,
			);
			runOnlyForDeploymentPostprocessing = 0;
		};
		5C8ECB371F4ACE7A00985FB1 /* Sources */ = {
			isa = PBXSourcesBuildPhase;
			buildActionMask = 2147483647;
			files = (
				5C8ECB401F4ACE7A00985FB1 /* ChangeTheme_OCUITests.m in Sources */,
			);
			runOnlyForDeploymentPostprocessing = 0;
		};
/* End PBXSourcesBuildPhase section */

/* Begin PBXTargetDependency section */
		5C8ECB321F4ACE7A00985FB1 /* PBXTargetDependency */ = {
			isa = PBXTargetDependency;
			target = 5C8ECB161F4ACE7A00985FB1 /* ChangeTheme_OC */;
			targetProxy = 5C8ECB311F4ACE7A00985FB1 /* PBXContainerItemProxy */;
		};
		5C8ECB3D1F4ACE7A00985FB1 /* PBXTargetDependency */ = {
			isa = PBXTargetDependency;
			target = 5C8ECB161F4ACE7A00985FB1 /* ChangeTheme_OC */;
			targetProxy = 5C8ECB3C1F4ACE7A00985FB1 /* PBXContainerItemProxy */;
		};
/* End PBXTargetDependency section */

/* Begin PBXVariantGroup section */
		5C8ECB231F4ACE7A00985FB1 /* Main.storyboard */ = {
			isa = PBXVariantGroup;
			children = (
				5C8ECB241F4ACE7A00985FB1 /* Base */,
			);
			name = Main.storyboard;
			sourceTree = "<group>";
		};
		5C8ECB281F4ACE7A00985FB1 /* LaunchScreen.storyboard */ = {
			isa = PBXVariantGroup;
			children = (
				5C8ECB291F4ACE7A00985FB1 /* Base */,
			);
			name = LaunchScreen.storyboard;
			sourceTree = "<group>";
		};
/* End PBXVariantGroup section */

/* Begin XCBuildConfiguration section */
		5C8ECB421F4ACE7A00985FB1 /* Debug */ = {
			isa = XCBuildConfiguration;
			buildSettings = {
				ALWAYS_SEARCH_USER_PATHS = NO;
				CLANG_ANALYZER_NONNULL = YES;
				CLANG_ANALYZER_NUMBER_OBJECT_CONVERSION = YES_AGGRESSIVE;
				CLANG_CXX_LANGUAGE_STANDARD = "gnu++0x";
				CLANG_CXX_LIBRARY = "libc++";
				CLANG_ENABLE_MODULES = YES;
				CLANG_ENABLE_OBJC_ARC = YES;
				CLANG_WARN_BOOL_CONVERSION = YES;
				CLANG_WARN_CONSTANT_CONVERSION = YES;
				CLANG_WARN_DIRECT_OBJC_ISA_USAGE = YES_ERROR;
				CLANG_WARN_DOCUMENTATION_COMMENTS = YES;
				CLANG_WARN_EMPTY_BODY = YES;
				CLANG_WARN_ENUM_CONVERSION = YES;
				CLANG_WARN_INFINITE_RECURSION = YES;
				CLANG_WARN_INT_CONVERSION = YES;
				CLANG_WARN_OBJC_ROOT_CLASS = YES_ERROR;
				CLANG_WARN_SUSPICIOUS_MOVE = YES;
				CLANG_WARN_UNREACHABLE_CODE = YES;
				CLANG_WARN__DUPLICATE_METHOD_MATCH = YES;
				"CODE_SIGN_IDENTITY[sdk=iphoneos*]" = "iPhone Developer";
				COPY_PHASE_STRIP = NO;
				DEBUG_INFORMATION_FORMAT = dwarf;
				ENABLE_STRICT_OBJC_MSGSEND = YES;
				ENABLE_TESTABILITY = YES;
				GCC_C_LANGUAGE_STANDARD = gnu99;
				GCC_DYNAMIC_NO_PIC = NO;
				GCC_NO_COMMON_BLOCKS = YES;
				GCC_OPTIMIZATION_LEVEL = 0;
				GCC_PREPROCESSOR_DEFINITIONS = (
					"DEBUG=1",
					"$(inherited)",
				);
				GCC_WARN_64_TO_32_BIT_CONVERSION = YES;
				GCC_WARN_ABOUT_RETURN_TYPE = YES_ERROR;
				GCC_WARN_UNDECLARED_SELECTOR = YES;
				GCC_WARN_UNINITIALIZED_AUTOS = YES_AGGRESSIVE;
				GCC_WARN_UNUSED_FUNCTION = YES;
				GCC_WARN_UNUSED_VARIABLE = YES;
				IPHONEOS_DEPLOYMENT_TARGET = 10.3;
				MTL_ENABLE_DEBUG_INFO = YES;
				ONLY_ACTIVE_ARCH = YES;
				SDKROOT = iphoneos;
				TARGETED_DEVICE_FAMILY = "1,2";
			};
			name = Debug;
		};
		5C8ECB431F4ACE7A00985FB1 /* Release */ = {
			isa = XCBuildConfiguration;
			buildSettings = {
				ALWAYS_SEARCH_USER_PATHS = NO;
				CLANG_ANALYZER_NONNULL = YES;
				CLANG_ANALYZER_NUMBER_OBJECT_CONVERSION = YES_AGGRESSIVE;
				CLANG_CXX_LANGUAGE_STANDARD = "gnu++0x";
				CLANG_CXX_LIBRARY = "libc++";
				CLANG_ENABLE_MODULES = YES;
				CLANG_ENABLE_OBJC_ARC = YES;
				CLANG_WARN_BOOL_CONVERSION = YES;
				CLANG_WARN_CONSTANT_CONVERSION = YES;
				CLANG_WARN_DIRECT_OBJC_ISA_USAGE = YES_ERROR;
				CLANG_WARN_DOCUMENTATION_COMMENTS = YES;
				CLANG_WARN_EMPTY_BODY = YES;
				CLANG_WARN_ENUM_CONVERSION = YES;
				CLANG_WARN_INFINITE_RECURSION = YES;
				CLANG_WARN_INT_CONVERSION = YES;
				CLANG_WARN_OBJC_ROOT_CLASS = YES_ERROR;
				CLANG_WARN_SUSPICIOUS_MOVE = YES;
				CLANG_WARN_UNREACHABLE_CODE = YES;
				CLANG_WARN__DUPLICATE_METHOD_MATCH = YES;
				"CODE_SIGN_IDENTITY[sdk=iphoneos*]" = "iPhone Developer";
				COPY_PHASE_STRIP = NO;
				DEBUG_INFORMATION_FORMAT = "dwarf-with-dsym";
				ENABLE_NS_ASSERTIONS = NO;
				ENABLE_STRICT_OBJC_MSGSEND = YES;
				GCC_C_LANGUAGE_STANDARD = gnu99;
				GCC_NO_COMMON_BLOCKS = YES;
				GCC_WARN_64_TO_32_BIT_CONVERSION = YES;
				GCC_WARN_ABOUT_RETURN_TYPE = YES_ERROR;
				GCC_WARN_UNDECLARED_SELECTOR = YES;
				GCC_WARN_UNINITIALIZED_AUTOS = YES_AGGRESSIVE;
				GCC_WARN_UNUSED_FUNCTION = YES;
				GCC_WARN_UNUSED_VARIABLE = YES;
				IPHONEOS_DEPLOYMENT_TARGET = 10.3;
				MTL_ENABLE_DEBUG_INFO = NO;
				SDKROOT = iphoneos;
				TARGETED_DEVICE_FAMILY = "1,2";
				VALIDATE_PRODUCT = YES;
			};
			name = Release;
		};
		5C8ECB451F4ACE7A00985FB1 /* Debug */ = {
			isa = XCBuildConfiguration;
			buildSettings = {
				ASSETCATALOG_COMPILER_APPICON_NAME = AppIcon;
				DEVELOPMENT_TEAM = XWNPFKK4U5;
				INFOPLIST_FILE = ChangeTheme_OC/Info.plist;
				LD_RUNPATH_SEARCH_PATHS = "$(inherited) @executable_path/Frameworks";
				PRODUCT_BUNDLE_IDENTIFIER = "com.yiqi.test.ChangeTheme-OC";
				PRODUCT_NAME = "$(TARGET_NAME)";
			};
			name = Debug;
		};
		5C8ECB461F4ACE7A00985FB1 /* Release */ = {
			isa = XCBuildConfiguration;
			buildSettings = {
				ASSETCATALOG_COMPILER_APPICON_NAME = AppIcon;
				DEVELOPMENT_TEAM = XWNPFKK4U5;
				INFOPLIST_FILE = ChangeTheme_OC/Info.plist;
				LD_RUNPATH_SEARCH_PATHS = "$(inherited) @executable_path/Frameworks";
				PRODUCT_BUNDLE_IDENTIFIER = "com.yiqi.test.ChangeTheme-OC";
				PRODUCT_NAME = "$(TARGET_NAME)";
			};
			name = Release;
		};
		5C8ECB481F4ACE7A00985FB1 /* Debug */ = {
			isa = XCBuildConfiguration;
			buildSettings = {
				BUNDLE_LOADER = "$(TEST_HOST)";
				DEVELOPMENT_TEAM = XWNPFKK4U5;
				INFOPLIST_FILE = ChangeTheme_OCTests/Info.plist;
				LD_RUNPATH_SEARCH_PATHS = "$(inherited) @executable_path/Frameworks @loader_path/Frameworks";
				PRODUCT_BUNDLE_IDENTIFIER = "com.yiqi.test.ChangeTheme-OCTests";
				PRODUCT_NAME = "$(TARGET_NAME)";
				TEST_HOST = "$(BUILT_PRODUCTS_DIR)/ChangeTheme_OC.app/ChangeTheme_OC";
			};
			name = Debug;
		};
		5C8ECB491F4ACE7A00985FB1 /* Release */ = {
			isa = XCBuildConfiguration;
			buildSettings = {
				BUNDLE_LOADER = "$(TEST_HOST)";
				DEVELOPMENT_TEAM = XWNPFKK4U5;
				INFOPLIST_FILE = ChangeTheme_OCTests/Info.plist;
				LD_RUNPATH_SEARCH_PATHS = "$(inherited) @executable_path/Frameworks @loader_path/Frameworks";
				PRODUCT_BUNDLE_IDENTIFIER = "com.yiqi.test.ChangeTheme-OCTests";
				PRODUCT_NAME = "$(TARGET_NAME)";
				TEST_HOST = "$(BUILT_PRODUCTS_DIR)/ChangeTheme_OC.app/ChangeTheme_OC";
			};
			name = Release;
		};
		5C8ECB4B1F4ACE7A00985FB1 /* Debug */ = {
			isa = XCBuildConfiguration;
			buildSettings = {
				DEVELOPMENT_TEAM = XWNPFKK4U5;
				INFOPLIST_FILE = ChangeTheme_OCUITests/Info.plist;
				LD_RUNPATH_SEARCH_PATHS = "$(inherited) @executable_path/Frameworks @loader_path/Frameworks";
				PRODUCT_BUNDLE_IDENTIFIER = "com.yiqi.test.ChangeTheme-OCUITests";
				PRODUCT_NAME = "$(TARGET_NAME)";
				TEST_TARGET_NAME = ChangeTheme_OC;
			};
			name = Debug;
		};
		5C8ECB4C1F4ACE7A00985FB1 /* Release */ = {
			isa = XCBuildConfiguration;
			buildSettings = {
				DEVELOPMENT_TEAM = XWNPFKK4U5;
				INFOPLIST_FILE = ChangeTheme_OCUITests/Info.plist;
				LD_RUNPATH_SEARCH_PATHS = "$(inherited) @executable_path/Frameworks @loader_path/Frameworks";
				PRODUCT_BUNDLE_IDENTIFIER = "com.yiqi.test.ChangeTheme-OCUITests";
				PRODUCT_NAME = "$(TARGET_NAME)";
				TEST_TARGET_NAME = ChangeTheme_OC;
			};
			name = Release;
		};
/* End XCBuildConfiguration section */

/* Begin XCConfigurationList section */
		5C8ECB121F4ACE7A00985FB1 /* Build configuration list for PBXProject "ChangeTheme_OC" */ = {
			isa = XCConfigurationList;
			buildConfigurations = (
				5C8ECB421F4ACE7A00985FB1 /* Debug */,
				5C8ECB431F4ACE7A00985FB1 /* Release */,
			);
			defaultConfigurationIsVisible = 0;
			defaultConfigurationName = Release;
		};
		5C8ECB441F4ACE7A00985FB1 /* Build configuration list for PBXNativeTarget "ChangeTheme_OC" */ = {
			isa = XCConfigurationList;
			buildConfigurations = (
				5C8ECB451F4ACE7A00985FB1 /* Debug */,
				5C8ECB461F4ACE7A00985FB1 /* Release */,
			);
			defaultConfigurationIsVisible = 0;
			defaultConfigurationName = Release;
		};
		5C8ECB471F4ACE7A00985FB1 /* Build configuration list for PBXNativeTarget "ChangeTheme_OCTests" */ = {
			isa = XCConfigurationList;
			buildConfigurations = (
				5C8ECB481F4ACE7A00985FB1 /* Debug */,
				5C8ECB491F4ACE7A00985FB1 /* Release */,
			);
			defaultConfigurationIsVisible = 0;
			defaultConfigurationName = Release;
		};
		5C8ECB4A1F4ACE7A00985FB1 /* Build configuration list for PBXNativeTarget "ChangeTheme_OCUITests" */ = {
			isa = XCConfigurationList;
			buildConfigurations = (
				5C8ECB4B1F4ACE7A00985FB1 /* Debug */,
				5C8ECB4C1F4ACE7A00985FB1 /* Release */,
			);
			defaultConfigurationIsVisible = 0;
			defaultConfigurationName = Release;
		};
/* End XCConfigurationList section */
	};
	rootObject = 5C8ECB0F1F4ACE7A00985FB1 /* Project object */;
}
